
Microsoft Visual Studio Solution File, Format Version 12.00
# Visual Studio Version 16
VisualStudioVersion = 16.0.30804.86
MinimumVisualStudioVersion = 10.0.40219.1
Project("{8BC9CEB8-8B4A-11D0-8D11-00A0C91BC942}") = "IngameIME", "IngameIME\IngameIME.vcxproj", "{C5B9E671-E7ED-4274-BAF6-ADA309C1BA9C}"
EndProject
Project("{8BC9CEB8-8B4A-11D0-8D11-00A0C91BC942}") = "TestWnd", "TestWnd\TestWnd.vcxproj", "{A4DF622F-F130-4ABE-895A-387996540979}"
EndProject
Project("{2150E333-8FDC-42A3-9474-1A3956D46DE8}") = "Solution Items", "Solution Items", "{5590628A-833C-411F-903E-2CE93BC708C0}"
	ProjectSection(SolutionItems) = preProject
		README.md = README.md
	EndProjectSection
EndProject
Project("{2150E333-8FDC-42A3-9474-1A3956D46DE8}") = "Docs", "Docs", "{EFE0BF71-B353-4057-A884-326DB56860C6}"
	ProjectSection(SolutionItems) = preProject
		Docs\AlphaMode.gif = Docs\AlphaMode.gif
		Docs\CompStr.gif = Docs\CompStr.gif
		Docs\FullSC.gif = Docs\FullSC.gif
		Docs\IMEState.gif = Docs\IMEState.gif
	EndProjectSection
EndProject
Global
	GlobalSection(SolutionConfigurationPlatforms) = preSolution
		Debug|x64 = Debug|x64
		Debug|x86 = Debug|x86
		Release|x64 = Release|x64
		Release|x86 = Release|x86
	EndGlobalSection
	GlobalSection(ProjectConfigurationPlatforms) = postSolution
		{C5B9E671-E7ED-4274-BAF6-ADA309C1BA9C}.Debug|x64.ActiveCfg = Debug|x64
		{C5B9E671-E7ED-4274-BAF6-ADA309C1BA9C}.Debug|x64.Build.0 = Debug|x64
		{C5B9E671-E7ED-4274-BAF6-ADA309C1BA9C}.Debug|x86.ActiveCfg = Debug|Win32
		{C5B9E671-E7ED-4274-BAF6-ADA309C1BA9C}.Debug|x86.Build.0 = Debug|Win32
		{C5B9E671-E7ED-4274-BAF6-ADA309C1BA9C}.Release|x64.ActiveCfg = Release|x64
		{C5B9E671-E7ED-4274-BAF6-ADA309C1BA9C}.Release|x64.Build.0 = Release|x64
		{C5B9E671-E7ED-4274-BAF6-ADA309C1BA9C}.Release|x86.ActiveCfg = Release|Win32
		{C5B9E671-E7ED-4274-BAF6-ADA309C1BA9C}.Release|x86.Build.0 = Release|Win32
		{A4DF622F-F130-4ABE-895A-387996540979}.Debug|x64.ActiveCfg = Debug|x64
		{A4DF622F-F130-4ABE-895A-387996540979}.Debug|x64.Build.0 = Debug|x64
		{A4DF622F-F130-4ABE-895A-387996540979}.Debug|x86.ActiveCfg = Debug|Win32
		{A4DF622F-F130-4ABE-895A-387996540979}.Debug|x86.Build.0 = Debug|Win32
		{A4DF622F-F130-4ABE-895A-387996540979}.Release|x64.ActiveCfg = Release|x64
		{A4DF622F-F130-4ABE-895A-387996540979}.Release|x64.Build.0 = Release|x64
		{A4DF622F-F130-4ABE-895A-387996540979}.Release|x86.ActiveCfg = Release|Win32
		{A4DF622F-F130-4ABE-895A-387996540979}.Release|x86.Build.0 = Release|Win32
	EndGlobalSection
	GlobalSection(SolutionProperties) = preSolution
		HideSolutionNode = FALSE
	EndGlobalSection
	GlobalSection(NestedProjects) = preSolution
		{EFE0BF71-B353-4057-A884-326DB56860C6} = {5590628A-833C-411F-903E-2CE93BC708C0}
	EndGlobalSection
	GlobalSection(ExtensibilityGlobals) = postSolution
		SolutionGuid = {8C8FF659-91F5-4C40-98E7-E8914260CBA4}
	EndGlobalSection
EndGlobal
